
Microsoft Visual Studio Solution File, Format Version 12.00
# Visual Studio Version 16
VisualStudioVersion = 16.0.32228.343
MinimumVisualStudioVersion = 10.0.40219.1
Project("{FAE04EC0-301F-11D3-BF4B-00C04F79EFBC}") = "IsPrimeNumber", "IsPrimeNumber.csproj", "{EB5CC19D-0343-49BB-99E2-6F35A0E66C80}"
EndProject
Global
	GlobalSection(SolutionConfigurationPlatforms) = preSolution
		Debug|Any CPU = Debug|Any CPU
		Release|Any CPU = Release|Any CPU
	EndGlobalSection
	GlobalSection(ProjectConfigurationPlatforms) = postSolution
		{EB5CC19D-0343-49BB-99E2-6F35A0E66C80}.Debug|Any CPU.ActiveCfg = Debug|Any CPU
		{EB5CC19D-0343-49BB-99E2-6F35A0E66C80}.Debug|Any CPU.Build.0 = Debug|Any CPU
		{EB5CC19D-0343-49BB-99E2-6F35A0E66C80}.Release|Any CPU.ActiveCfg = Release|Any CPU
		{EB5CC19D-0343-49BB-99E2-6F35A0E66C80}.Release|Any CPU.Build.0 = Release|Any CPU
	EndGlobalSection
	GlobalSection(SolutionProperties) = preSolution
		HideSolutionNode = FALSE
	EndGlobalSection
	GlobalSection(ExtensibilityGlobals) = postSolution
		SolutionGuid = {307FD90A-307F-4C40-9863-1893E0029233}
	EndGlobalSection
EndGlobal
