
Microsoft Visual Studio Solution File, Format Version 12.00
# Visual Studio Version 16
VisualStudioVersion = 16.0.32228.343
MinimumVisualStudioVersion = 10.0.40219.1
Project("{FAE04EC0-301F-11D3-BF4B-00C04F79EFBC}") = "PrimeNumbers", "PrimeNumbers\PrimeNumbers.csproj", "{CA044391-350B-480F-89A2-FEE9D4105EED}"
EndProject
Global
	GlobalSection(SolutionConfigurationPlatforms) = preSolution
		Debug|Any CPU = Debug|Any CPU
		Release|Any CPU = Release|Any CPU
	EndGlobalSection
	GlobalSection(ProjectConfigurationPlatforms) = postSolution
		{CA044391-350B-480F-89A2-FEE9D4105EED}.Debug|Any CPU.ActiveCfg = Debug|Any CPU
		{CA044391-350B-480F-89A2-FEE9D4105EED}.Debug|Any CPU.Build.0 = Debug|Any CPU
		{CA044391-350B-480F-89A2-FEE9D4105EED}.Release|Any CPU.ActiveCfg = Release|Any CPU
		{CA044391-350B-480F-89A2-FEE9D4105EED}.Release|Any CPU.Build.0 = Release|Any CPU
	EndGlobalSection
	GlobalSection(SolutionProperties) = preSolution
		HideSolutionNode = FALSE
	EndGlobalSection
	GlobalSection(ExtensibilityGlobals) = postSolution
		SolutionGuid = {5F4017F0-7C37-486C-8E09-9E6842070258}
	EndGlobalSection
EndGlobal
