
Microsoft Visual Studio Solution File, Format Version 12.00
# Visual Studio Version 16
VisualStudioVersion = 16.0.32228.343
MinimumVisualStudioVersion = 10.0.40219.1
Project("{FAE04EC0-301F-11D3-BF4B-00C04F79EFBC}") = "PrimeNumbers", "PrimeNumbers.csproj", "{52B89946-1980-4E3F-8D86-21B9709051A6}"
EndProject
Global
	GlobalSection(SolutionConfigurationPlatforms) = preSolution
		Debug|Any CPU = Debug|Any CPU
		Release|Any CPU = Release|Any CPU
	EndGlobalSection
	GlobalSection(ProjectConfigurationPlatforms) = postSolution
		{52B89946-1980-4E3F-8D86-21B9709051A6}.Debug|Any CPU.ActiveCfg = Debug|Any CPU
		{52B89946-1980-4E3F-8D86-21B9709051A6}.Debug|Any CPU.Build.0 = Debug|Any CPU
		{52B89946-1980-4E3F-8D86-21B9709051A6}.Release|Any CPU.ActiveCfg = Release|Any CPU
		{52B89946-1980-4E3F-8D86-21B9709051A6}.Release|Any CPU.Build.0 = Release|Any CPU
	EndGlobalSection
	GlobalSection(SolutionProperties) = preSolution
		HideSolutionNode = FALSE
	EndGlobalSection
	GlobalSection(ExtensibilityGlobals) = postSolution
		SolutionGuid = {530A1303-6D3F-462B-8097-0EBB622F7316}
	EndGlobalSection
EndGlobal
